github.com/apache/thrift v0.12.0 h1:pODnxUFNcjP9UTLZGTdeh+j16A8lJbRvD3rOtrk/7bs=
github.com/apache/thrift v0.12.0/go.mod h1:cp2SuWMxlEZw2r+iP2GNCdIi4C1qmUzdZFSVb+bacwQ=
github.com/beltran/gosasl v0.0.0-20181023043315-01c4c2ce6a51 h1:4GvVCQFfMBsrCaTYR7E506OkKBZ/1AI+rc+oIgl2rm4=
github.com/beltran/gosasl v0.0.0-20181023043315-01c4c2ce6a51/go.mod h1:4bpdWW6Q7hC2xAn+KT/ueCo1FoklhOMmEeHLhZso7po=
github.com/beltran/gssapi v0.0.0-20180807003338-598f9f3b2878 h1:3xXWpeNMPRcQlbGdyfIdBHh9eD5TQgMWlZlHZ2luTwo=
github.com/beltran/gssapi v0.0.0-20180807003338-598f9f3b2878/go.mod h1:GLe4UoSyvJ3cVG+DVtKen5eAiaD8mAJFuV5PT3Eeg9Q=
