# This file is autogenerated, do not edit; changes may be undone by the next 'dep ensure'.


[[projects]]
  branch = "master"
  digest = "1:e95de5c830369d6592224de57a31cd87a2ba1cec2abaf050d06a63ee8f7babd8"
  name = "git.apache.org/thrift.git"
  packages = ["lib/go/thrift"]
  pruneopts = "UT"
  revision = "cd829a0b9a5c66203b63350fa029589669ec43f6"

[[projects]]
  branch = "master"
  digest = "1:ce86c93eeefcd512a82180ad5ecdceaa378400bb6134a9b72b29cdeb37035a0c"
  name = "github.com/beltran/gosasl"
  packages = ["."]
  pruneopts = "UT"
  revision = "01c4c2ce6a513cbe3cf4bb643f2577539ba3e65b"

[[projects]]
  branch = "compile_mac"
  digest = "1:160e1a5fd0ad0ab45b8436c367432d7ab36b874c3d49501a7adfa81ea54faa77"
  name = "github.com/beltran/gssapi"
  packages = ["."]
  pruneopts = "UT"
  revision = "598f9f3b287808b0e16f37ebfad6c1bd09737a67"

[solve-meta]
  analyzer-name = "dep"
  analyzer-version = 1
  input-imports = [
    "git.apache.org/thrift.git/lib/go/thrift",
    "github.com/beltran/gosasl",
  ]
  solver-name = "gps-cdcl"
  solver-version = 1
