# This file is autogenerated, do not edit; changes may be undone by the next 'dep ensure'.


[[projects]]
  branch = "master"
  digest = "1:eee9386329f4fcdf8d6c0def0c9771b634bdd5ba460d888aa98c17d59b37a76c"
  name = "git.apache.org/thrift.git"
  packages = ["lib/go/thrift"]
  pruneopts = "UT"
  revision = "f2867c24984aa53edec54a138c03db934221bdea"

[solve-meta]
  analyzer-name = "dep"
  analyzer-version = 1
  input-imports = ["git.apache.org/thrift.git/lib/go/thrift"]
  solver-name = "gps-cdcl"
  solver-version = 1
